// !$*UTF8*$!
{
	archiveVersion = 1;
	classes = {
	};
	objectVersion = 46;
	objects = {

/* Begin PBXBuildFile section */
		9C8F95D465D4B6459E421C29 /* libPods.a in Frameworks */ = {isa = PBXBuildFile; fileRef = BDCE66CC7FE30D84E5FF86A8 /* libPods.a */; };
		B04487431CA225C400A69650 /* main.m in Sources */ = {isa = PBXBuildFile; fileRef = B04487421CA225C400A69650 /* main.m */; };
		B04487461CA225C400A69650 /* AppDelegate.m in Sources */ = {isa = PBXBuildFile; fileRef = B04487451CA225C400A69650 /* AppDelegate.m */; };
		B04487491CA225C500A69650 /* ViewController.m in Sources */ = {isa = PBXBuildFile; fileRef = B04487481CA225C500A69650 /* ViewController.m */; };
		B044874C1CA225C500A69650 /* Main.storyboard in Resources */ = {isa = PBXBuildFile; fileRef = B044874A1CA225C500A69650 /* Main.storyboard */; };
		B044874E1CA225C500A69650 /* Assets.xcassets in Resources */ = {isa = PBXBuildFile; fileRef = B044874D1CA225C500A69650 /* Assets.xcassets */; };
		B04487511CA225C500A69650 /* LaunchScreen.storyboard in Resources */ = {isa = PBXBuildFile; fileRef = B044874F1CA225C500A69650 /* LaunchScreen.storyboard */; };
		B044875C1CA225C500A69650 /* TFUploadAssistantTests.m in Sources */ = {isa = PBXBuildFile; fileRef = B044875B1CA225C500A69650 /* TFUploadAssistantTests.m */; };
		B04487671CA225C500A69650 /* TFUploadAssistantUITests.m in Sources */ = {isa = PBXBuildFile; fileRef = B04487661CA225C500A69650 /* TFUploadAssistantUITests.m */; };
		B069E00A1CA388F000AF90E6 /* MobileCoreServices.framework in Frameworks */ = {isa = PBXBuildFile; fileRef = B069E0091CA388F000AF90E6 /* MobileCoreServices.framework */; };
		B07BC8C41CA2718A00589743 /* TFFile.m in Sources */ = {isa = PBXBuildFile; fileRef = B07BC8C31CA2718A00589743 /* TFFile.m */; };
		B07BC8CF1CA27F8700589743 /* NSData+TFMD5.m in Sources */ = {isa = PBXBuildFile; fileRef = B07BC8CE1CA27F8700589743 /* NSData+TFMD5.m */; settings = {COMPILER_FLAGS = "-w"; }; };
		B07BC8D21CA27FD500589743 /* TFAliUploadOperation.m in Sources */ = {isa = PBXBuildFile; fileRef = B07BC8D11CA27FD500589743 /* TFAliUploadOperation.m */; };
		B07BC8D51CA27FEA00589743 /* TFAliUploadHandler.m in Sources */ = {isa = PBXBuildFile; fileRef = B07BC8D41CA27FEA00589743 /* TFAliUploadHandler.m */; };
		B0D0F9521CA2362700E36A52 /* TFFileRecorder.m in Sources */ = {isa = PBXBuildFile; fileRef = B0D0F9511CA2362700E36A52 /* TFFileRecorder.m */; };
		B0D0F9591CA2372100E36A52 /* GTM_Base64.m in Sources */ = {isa = PBXBuildFile; fileRef = B0D0F9581CA2372100E36A52 /* GTM_Base64.m */; };
		B0D0F95C1CA2372B00E36A52 /* TFUrlSafeBase64.m in Sources */ = {isa = PBXBuildFile; fileRef = B0D0F95B1CA2372B00E36A52 /* TFUrlSafeBase64.m */; };
		B0D0F95F1CA2390B00E36A52 /* TFUploadAssistant.m in Sources */ = {isa = PBXBuildFile; fileRef = B0D0F95E1CA2390B00E36A52 /* TFUploadAssistant.m */; };
		B0D0F9621CA241E500E36A52 /* TFConfiguration.m in Sources */ = {isa = PBXBuildFile; fileRef = B0D0F9611CA241E500E36A52 /* TFConfiguration.m */; };
		B0D0F9651CA245E800E36A52 /* TFAsyncRun.m in Sources */ = {isa = PBXBuildFile; fileRef = B0D0F9641CA245E800E36A52 /* TFAsyncRun.m */; };
		B0D0F9681CA2657900E36A52 /* TFPHAssetFile.m in Sources */ = {isa = PBXBuildFile; fileRef = B0D0F9671CA2657900E36A52 /* TFPHAssetFile.m */; };
		B0D0F96C1CA26BD000E36A52 /* TFResponseInfo.m in Sources */ = {isa = PBXBuildFile; fileRef = B0D0F96B1CA26BD000E36A52 /* TFResponseInfo.m */; };
/* End PBXBuildFile section */

/* Begin PBXContainerItemProxy section */
		B04487581CA225C500A69650 /* PBXContainerItemProxy */ = {
			isa = PBXContainerItemProxy;
			containerPortal = B04487361CA225C400A69650 /* Project object */;
			proxyType = 1;
			remoteGlobalIDString = B044873D1CA225C400A69650;
			remoteInfo = TFUploadAssistant;
		};
		B04487631CA225C500A69650 /* PBXContainerItemProxy */ = {
			isa = PBXContainerItemProxy;
			containerPortal = B04487361CA225C400A69650 /* Project object */;
			proxyType = 1;
			remoteGlobalIDString = B044873D1CA225C400A69650;
			remoteInfo = TFUploadAssistant;
		};
/* End PBXContainerItemProxy section */

/* Begin PBXFileReference section */
		3F603378C43A5FC3E421DB95 /* Pods.debug.xcconfig */ = {isa = PBXFileReference; includeInIndex = 1; lastKnownFileType = text.xcconfig; name = Pods.debug.xcconfig; path = "Pods/Target Support Files/Pods/Pods.debug.xcconfig"; sourceTree = "<group>"; };
		4D9A8144483DAE73B6B898F5 /* Pods.release.xcconfig */ = {isa = PBXFileReference; includeInIndex = 1; lastKnownFileType = text.xcconfig; name = Pods.release.xcconfig; path = "Pods/Target Support Files/Pods/Pods.release.xcconfig"; sourceTree = "<group>"; };
		B044873E1CA225C400A69650 /* TFUploadAssistant.app */ = {isa = PBXFileReference; explicitFileType = wrapper.application; includeInIndex = 0; path = TFUploadAssistant.app; sourceTree = BUILT_PRODUCTS_DIR; };
		B04487421CA225C400A69650 /* main.m */ = {isa = PBXFileReference; lastKnownFileType = sourcecode.c.objc; path = main.m; sourceTree = "<group>"; };
		B04487441CA225C400A69650 /* AppDelegate.h */ = {isa = PBXFileReference; lastKnownFileType = sourcecode.c.h; path = AppDelegate.h; sourceTree = "<group>"; };
		B04487451CA225C400A69650 /* AppDelegate.m */ = {isa = PBXFileReference; lastKnownFileType = sourcecode.c.objc; path = AppDelegate.m; sourceTree = "<group>"; };
		B04487471CA225C400A69650 /* ViewController.h */ = {isa = PBXFileReference; lastKnownFileType = sourcecode.c.h; path = ViewController.h; sourceTree = "<group>"; };
		B04487481CA225C500A69650 /* ViewController.m */ = {isa = PBXFileReference; lastKnownFileType = sourcecode.c.objc; path = ViewController.m; sourceTree = "<group>"; };
		B044874B1CA225C500A69650 /* Base */ = {isa = PBXFileReference; lastKnownFileType = file.storyboard; name = Base; path = Base.lproj/Main.storyboard; sourceTree = "<group>"; };
		B044874D1CA225C500A69650 /* Assets.xcassets */ = {isa = PBXFileReference; lastKnownFileType = folder.assetcatalog; path = Assets.xcassets; sourceTree = "<group>"; };
		B04487501CA225C500A69650 /* Base */ = {isa = PBXFileReference; lastKnownFileType = file.storyboard; name = Base; path = Base.lproj/LaunchScreen.storyboard; sourceTree = "<group>"; };
		B04487521CA225C500A69650 /* Info.plist */ = {isa = PBXFileReference; lastKnownFileType = text.plist.xml; path = Info.plist; sourceTree = "<group>"; };
		B04487571CA225C500A69650 /* TFUploadAssistantTests.xctest */ = {isa = PBXFileReference; explicitFileType = wrapper.cfbundle; includeInIndex = 0; path = TFUploadAssistantTests.xctest; sourceTree = BUILT_PRODUCTS_DIR; };
		B044875B1CA225C500A69650 /* TFUploadAssistantTests.m */ = {isa = PBXFileReference; lastKnownFileType = sourcecode.c.objc; path = TFUploadAssistantTests.m; sourceTree = "<group>"; };
		B044875D1CA225C500A69650 /* Info.plist */ = {isa = PBXFileReference; lastKnownFileType = text.plist.xml; path = Info.plist; sourceTree = "<group>"; };
		B04487621CA225C500A69650 /* TFUploadAssistantUITests.xctest */ = {isa = PBXFileReference; explicitFileType = wrapper.cfbundle; includeInIndex = 0; path = TFUploadAssistantUITests.xctest; sourceTree = BUILT_PRODUCTS_DIR; };
		B04487661CA225C500A69650 /* TFUploadAssistantUITests.m */ = {isa = PBXFileReference; lastKnownFileType = sourcecode.c.objc; path = TFUploadAssistantUITests.m; sourceTree = "<group>"; };
		B04487681CA225C500A69650 /* Info.plist */ = {isa = PBXFileReference; lastKnownFileType = text.plist.xml; path = Info.plist; sourceTree = "<group>"; };
		B069E0091CA388F000AF90E6 /* MobileCoreServices.framework */ = {isa = PBXFileReference; lastKnownFileType = wrapper.framework; name = MobileCoreServices.framework; path = System/Library/Frameworks/MobileCoreServices.framework; sourceTree = SDKROOT; };
		B07BC8C21CA2718A00589743 /* TFFile.h */ = {isa = PBXFileReference; fileEncoding = 4; lastKnownFileType = sourcecode.c.h; path = TFFile.h; sourceTree = "<group>"; };
		B07BC8C31CA2718A00589743 /* TFFile.m */ = {isa = PBXFileReference; fileEncoding = 4; lastKnownFileType = sourcecode.c.objc; path = TFFile.m; sourceTree = "<group>"; };
		B07BC8CD1CA27F8700589743 /* NSData+TFMD5.h */ = {isa = PBXFileReference; fileEncoding = 4; lastKnownFileType = sourcecode.c.h; path = "NSData+TFMD5.h"; sourceTree = "<group>"; };
		B07BC8CE1CA27F8700589743 /* NSData+TFMD5.m */ = {isa = PBXFileReference; fileEncoding = 4; lastKnownFileType = sourcecode.c.objc; path = "NSData+TFMD5.m"; sourceTree = "<group>"; };
		B07BC8D01CA27FD500589743 /* TFAliUploadOperation.h */ = {isa = PBXFileReference; fileEncoding = 4; lastKnownFileType = sourcecode.c.h; path = TFAliUploadOperation.h; sourceTree = "<group>"; };
		B07BC8D11CA27FD500589743 /* TFAliUploadOperation.m */ = {isa = PBXFileReference; fileEncoding = 4; lastKnownFileType = sourcecode.c.objc; path = TFAliUploadOperation.m; sourceTree = "<group>"; };
		B07BC8D31CA27FEA00589743 /* TFAliUploadHandler.h */ = {isa = PBXFileReference; fileEncoding = 4; lastKnownFileType = sourcecode.c.h; path = TFAliUploadHandler.h; sourceTree = "<group>"; };
		B07BC8D41CA27FEA00589743 /* TFAliUploadHandler.m */ = {isa = PBXFileReference; fileEncoding = 4; lastKnownFileType = sourcecode.c.objc; path = TFAliUploadHandler.m; sourceTree = "<group>"; };
		B0D0F9501CA2362700E36A52 /* TFFileRecorder.h */ = {isa = PBXFileReference; fileEncoding = 4; lastKnownFileType = sourcecode.c.h; path = TFFileRecorder.h; sourceTree = "<group>"; };
		B0D0F9511CA2362700E36A52 /* TFFileRecorder.m */ = {isa = PBXFileReference; fileEncoding = 4; lastKnownFileType = sourcecode.c.objc; path = TFFileRecorder.m; sourceTree = "<group>"; };
		B0D0F9571CA2372100E36A52 /* GTM_Base64.h */ = {isa = PBXFileReference; fileEncoding = 4; lastKnownFileType = sourcecode.c.h; path = GTM_Base64.h; sourceTree = "<group>"; };
		B0D0F9581CA2372100E36A52 /* GTM_Base64.m */ = {isa = PBXFileReference; fileEncoding = 4; lastKnownFileType = sourcecode.c.objc; path = GTM_Base64.m; sourceTree = "<group>"; };
		B0D0F95A1CA2372B00E36A52 /* TFUrlSafeBase64.h */ = {isa = PBXFileReference; fileEncoding = 4; lastKnownFileType = sourcecode.c.h; path = TFUrlSafeBase64.h; sourceTree = "<group>"; };
		B0D0F95B1CA2372B00E36A52 /* TFUrlSafeBase64.m */ = {isa = PBXFileReference; fileEncoding = 4; lastKnownFileType = sourcecode.c.objc; path = TFUrlSafeBase64.m; sourceTree = "<group>"; };
		B0D0F95D1CA2390B00E36A52 /* TFUploadAssistant.h */ = {isa = PBXFileReference; fileEncoding = 4; lastKnownFileType = sourcecode.c.h; path = TFUploadAssistant.h; sourceTree = "<group>"; };
		B0D0F95E1CA2390B00E36A52 /* TFUploadAssistant.m */ = {isa = PBXFileReference; fileEncoding = 4; lastKnownFileType = sourcecode.c.objc; path = TFUploadAssistant.m; sourceTree = "<group>"; };
		B0D0F9601CA241E500E36A52 /* TFConfiguration.h */ = {isa = PBXFileReference; fileEncoding = 4; lastKnownFileType = sourcecode.c.h; path = TFConfiguration.h; sourceTree = "<group>"; };
		B0D0F9611CA241E500E36A52 /* TFConfiguration.m */ = {isa = PBXFileReference; fileEncoding = 4; lastKnownFileType = sourcecode.c.objc; path = TFConfiguration.m; sourceTree = "<group>"; };
		B0D0F9631CA245E800E36A52 /* TFAsyncRun.h */ = {isa = PBXFileReference; fileEncoding = 4; lastKnownFileType = sourcecode.c.h; path = TFAsyncRun.h; sourceTree = "<group>"; };
		B0D0F9641CA245E800E36A52 /* TFAsyncRun.m */ = {isa = PBXFileReference; fileEncoding = 4; lastKnownFileType = sourcecode.c.objc; path = TFAsyncRun.m; sourceTree = "<group>"; };
		B0D0F9661CA2657900E36A52 /* TFPHAssetFile.h */ = {isa = PBXFileReference; fileEncoding = 4; lastKnownFileType = sourcecode.c.h; path = TFPHAssetFile.h; sourceTree = "<group>"; };
		B0D0F9671CA2657900E36A52 /* TFPHAssetFile.m */ = {isa = PBXFileReference; fileEncoding = 4; lastKnownFileType = sourcecode.c.objc; path = TFPHAssetFile.m; sourceTree = "<group>"; };
		B0D0F9691CA2662300E36A52 /* TFFileProtocol.h */ = {isa = PBXFileReference; fileEncoding = 4; lastKnownFileType = sourcecode.c.h; path = TFFileProtocol.h; sourceTree = "<group>"; };
		B0D0F96A1CA26BD000E36A52 /* TFResponseInfo.h */ = {isa = PBXFileReference; fileEncoding = 4; lastKnownFileType = sourcecode.c.h; path = TFResponseInfo.h; sourceTree = "<group>"; };
		B0D0F96B1CA26BD000E36A52 /* TFResponseInfo.m */ = {isa = PBXFileReference; fileEncoding = 4; lastKnownFileType = sourcecode.c.objc; path = TFResponseInfo.m; sourceTree = "<group>"; };
		BDCE66CC7FE30D84E5FF86A8 /* libPods.a */ = {isa = PBXFileReference; explicitFileType = archive.ar; includeInIndex = 0; path = libPods.a; sourceTree = BUILT_PRODUCTS_DIR; };
/* End PBXFileReference section */

/* Begin PBXFrameworksBuildPhase section */
		B044873B1CA225C400A69650 /* Frameworks */ = {
			isa = PBXFrameworksBuildPhase;
			buildActionMask = 2147483647;
			files = (
				B069E00A1CA388F000AF90E6 /* MobileCoreServices.framework in Frameworks */,
				9C8F95D465D4B6459E421C29 /* libPods.a in Frameworks */,
			);
			runOnlyForDeploymentPostprocessing = 0;
		};
		B04487541CA225C500A69650 /* Frameworks */ = {
			isa = PBXFrameworksBuildPhase;
			buildActionMask = 2147483647;
			files = (
			);
			runOnlyForDeploymentPostprocessing = 0;
		};
		B044875F1CA225C500A69650 /* Frameworks */ = {
			isa = PBXFrameworksBuildPhase;
			buildActionMask = 2147483647;
			files = (
			);
			runOnlyForDeploymentPostprocessing = 0;
		};
/* End PBXFrameworksBuildPhase section */

/* Begin PBXGroup section */
		427C4A2A964933B0B1DF1E79 /* Pods */ = {
			isa = PBXGroup;
			children = (
				3F603378C43A5FC3E421DB95 /* Pods.debug.xcconfig */,
				4D9A8144483DAE73B6B898F5 /* Pods.release.xcconfig */,
			);
			name = Pods;
			sourceTree = "<group>";
		};
		84A2B1F77E870DCD10FD016F /* Frameworks */ = {
			isa = PBXGroup;
			children = (
				B069E0091CA388F000AF90E6 /* MobileCoreServices.framework */,
				BDCE66CC7FE30D84E5FF86A8 /* libPods.a */,
			);
			name = Frameworks;
			sourceTree = "<group>";
		};
		B04487351CA225C400A69650 = {
			isa = PBXGroup;
			children = (
				B04487401CA225C400A69650 /* TFUploadAssistant */,
				B044875A1CA225C500A69650 /* TFUploadAssistantTests */,
				B04487651CA225C500A69650 /* TFUploadAssistantUITests */,
				B044873F1CA225C400A69650 /* Products */,
				427C4A2A964933B0B1DF1E79 /* Pods */,
				84A2B1F77E870DCD10FD016F /* Frameworks */,
			);
			sourceTree = "<group>";
		};
		B044873F1CA225C400A69650 /* Products */ = {
			isa = PBXGroup;
			children = (
				B044873E1CA225C400A69650 /* TFUploadAssistant.app */,
				B04487571CA225C500A69650 /* TFUploadAssistantTests.xctest */,
				B04487621CA225C500A69650 /* TFUploadAssistantUITests.xctest */,
			);
			name = Products;
			sourceTree = "<group>";
		};
		B04487401CA225C400A69650 /* TFUploadAssistant */ = {
			isa = PBXGroup;
			children = (
				B0D0F94E1CA235C600E36A52 /* TFUploadAssistant */,
				B04487441CA225C400A69650 /* AppDelegate.h */,
				B04487451CA225C400A69650 /* AppDelegate.m */,
				B04487471CA225C400A69650 /* ViewController.h */,
				B04487481CA225C500A69650 /* ViewController.m */,
				B044874A1CA225C500A69650 /* Main.storyboard */,
				B044874D1CA225C500A69650 /* Assets.xcassets */,
				B044874F1CA225C500A69650 /* LaunchScreen.storyboard */,
				B04487521CA225C500A69650 /* Info.plist */,
				B04487411CA225C400A69650 /* Supporting Files */,
			);
			path = TFUploadAssistant;
			sourceTree = "<group>";
		};
		B04487411CA225C400A69650 /* Supporting Files */ = {
			isa = PBXGroup;
			children = (
				B04487421CA225C400A69650 /* main.m */,
			);
			name = "Supporting Files";
			sourceTree = "<group>";
		};
		B044875A1CA225C500A69650 /* TFUploadAssistantTests */ = {
			isa = PBXGroup;
			children = (
				B044875B1CA225C500A69650 /* TFUploadAssistantTests.m */,
				B044875D1CA225C500A69650 /* Info.plist */,
			);
			path = TFUploadAssistantTests;
			sourceTree = "<group>";
		};
		B04487651CA225C500A69650 /* TFUploadAssistantUITests */ = {
			isa = PBXGroup;
			children = (
				B04487661CA225C500A69650 /* TFUploadAssistantUITests.m */,
				B04487681CA225C500A69650 /* Info.plist */,
			);
			path = TFUploadAssistantUITests;
			sourceTree = "<group>";
		};
		B0D0F94E1CA235C600E36A52 /* TFUploadAssistant */ = {
			isa = PBXGroup;
			children = (
				B0D0F9561CA2370300E36A52 /* TFUploadCommon */,
				B0D0F94F1CA235F200E36A52 /* TFFileRecorder */,
				B0D0F95D1CA2390B00E36A52 /* TFUploadAssistant.h */,
				B0D0F95E1CA2390B00E36A52 /* TFUploadAssistant.m */,
				B0D0F9601CA241E500E36A52 /* TFConfiguration.h */,
				B0D0F9611CA241E500E36A52 /* TFConfiguration.m */,
				B07BC8D01CA27FD500589743 /* TFAliUploadOperation.h */,
				B07BC8D11CA27FD500589743 /* TFAliUploadOperation.m */,
				B07BC8D31CA27FEA00589743 /* TFAliUploadHandler.h */,
				B07BC8D41CA27FEA00589743 /* TFAliUploadHandler.m */,
			);
			path = TFUploadAssistant;
			sourceTree = "<group>";
		};
		B0D0F94F1CA235F200E36A52 /* TFFileRecorder */ = {
			isa = PBXGroup;
			children = (
				B0D0F9501CA2362700E36A52 /* TFFileRecorder.h */,
				B0D0F9511CA2362700E36A52 /* TFFileRecorder.m */,
			);
			path = TFFileRecorder;
			sourceTree = "<group>";
		};
		B0D0F9561CA2370300E36A52 /* TFUploadCommon */ = {
			isa = PBXGroup;
			children = (
				B0D0F9571CA2372100E36A52 /* GTM_Base64.h */,
				B0D0F9581CA2372100E36A52 /* GTM_Base64.m */,
				B0D0F95A1CA2372B00E36A52 /* TFUrlSafeBase64.h */,
				B0D0F95B1CA2372B00E36A52 /* TFUrlSafeBase64.m */,
				B0D0F9631CA245E800E36A52 /* TFAsyncRun.h */,
				B0D0F9641CA245E800E36A52 /* TFAsyncRun.m */,
				B0D0F9661CA2657900E36A52 /* TFPHAssetFile.h */,
				B0D0F9671CA2657900E36A52 /* TFPHAssetFile.m */,
				B0D0F9691CA2662300E36A52 /* TFFileProtocol.h */,
				B0D0F96A1CA26BD000E36A52 /* TFResponseInfo.h */,
				B0D0F96B1CA26BD000E36A52 /* TFResponseInfo.m */,
				B07BC8C21CA2718A00589743 /* TFFile.h */,
				B07BC8C31CA2718A00589743 /* TFFile.m */,
				B07BC8CD1CA27F8700589743 /* NSData+TFMD5.h */,
				B07BC8CE1CA27F8700589743 /* NSData+TFMD5.m */,
			);
			path = TFUploadCommon;
			sourceTree = "<group>";
		};
/* End PBXGroup section */

/* Begin PBXNativeTarget section */
		B044873D1CA225C400A69650 /* TFUploadAssistant */ = {
			isa = PBXNativeTarget;
			buildConfigurationList = B044876B1CA225C500A69650 /* Build configuration list for PBXNativeTarget "TFUploadAssistant" */;
			buildPhases = (
				EF2D6A62DB64F4C007571F53 /* Check Pods Manifest.lock */,
				B044873A1CA225C400A69650 /* Sources */,
				B044873B1CA225C400A69650 /* Frameworks */,
				B044873C1CA225C400A69650 /* Resources */,
				91EBA847E3E4C2854B7BC640 /* Embed Pods Frameworks */,
				B151A226D51531040AC615BB /* Copy Pods Resources */,
			);
			buildRules = (
			);
			dependencies = (
			);
			name = TFUploadAssistant;
			productName = TFUploadAssistant;
			productReference = B044873E1CA225C400A69650 /* TFUploadAssistant.app */;
			productType = "com.apple.product-type.application";
		};
		B04487561CA225C500A69650 /* TFUploadAssistantTests */ = {
			isa = PBXNativeTarget;
			buildConfigurationList = B044876E1CA225C500A69650 /* Build configuration list for PBXNativeTarget "TFUploadAssistantTests" */;
			buildPhases = (
				B04487531CA225C500A69650 /* Sources */,
				B04487541CA225C500A69650 /* Frameworks */,
				B04487551CA225C500A69650 /* Resources */,
			);
			buildRules = (
			);
			dependencies = (
				B04487591CA225C500A69650 /* PBXTargetDependency */,
			);
			name = TFUploadAssistantTests;
			productName = TFUploadAssistantTests;
			productReference = B04487571CA225C500A69650 /* TFUploadAssistantTests.xctest */;
			productType = "com.apple.product-type.bundle.unit-test";
		};
		B04487611CA225C500A69650 /* TFUploadAssistantUITests */ = {
			isa = PBXNativeTarget;
			buildConfigurationList = B04487711CA225C500A69650 /* Build configuration list for PBXNativeTarget "TFUploadAssistantUITests" */;
			buildPhases = (
				B044875E1CA225C500A69650 /* Sources */,
				B044875F1CA225C500A69650 /* Frameworks */,
				B04487601CA225C500A69650 /* Resources */,
			);
			buildRules = (
			);
			dependencies = (
				B04487641CA225C500A69650 /* PBXTargetDependency */,
			);
			name = TFUploadAssistantUITests;
			productName = TFUploadAssistantUITests;
			productReference = B04487621CA225C500A69650 /* TFUploadAssistantUITests.xctest */;
			productType = "com.apple.product-type.bundle.ui-testing";
		};
/* End PBXNativeTarget section */

/* Begin PBXProject section */
		B04487361CA225C400A69650 /* Project object */ = {
			isa = PBXProject;
			attributes = {
				LastUpgradeCheck = 0730;
				ORGANIZATIONNAME = TimeFace;
				TargetAttributes = {
					B044873D1CA225C400A69650 = {
						CreatedOnToolsVersion = 7.3;
					};
					B04487561CA225C500A69650 = {
						CreatedOnToolsVersion = 7.3;
						TestTargetID = B044873D1CA225C400A69650;
					};
					B04487611CA225C500A69650 = {
						CreatedOnToolsVersion = 7.3;
						TestTargetID = B044873D1CA225C400A69650;
					};
				};
			};
			buildConfigurationList = B04487391CA225C400A69650 /* Build configuration list for PBXProject "TFUploadAssistant" */;
			compatibilityVersion = "Xcode 3.2";
			developmentRegion = English;
			hasScannedForEncodings = 0;
			knownRegions = (
				en,
				Base,
			);
			mainGroup = B04487351CA225C400A69650;
			productRefGroup = B044873F1CA225C400A69650 /* Products */;
			projectDirPath = "";
			projectRoot = "";
			targets = (
				B044873D1CA225C400A69650 /* TFUploadAssistant */,
				B04487561CA225C500A69650 /* TFUploadAssistantTests */,
				B04487611CA225C500A69650 /* TFUploadAssistantUITests */,
			);
		};
/* End PBXProject section */

/* Begin PBXResourcesBuildPhase section */
		B044873C1CA225C400A69650 /* Resources */ = {
			isa = PBXResourcesBuildPhase;
			buildActionMask = 2147483647;
			files = (
				B04487511CA225C500A69650 /* LaunchScreen.storyboard in Resources */,
				B044874E1CA225C500A69650 /* Assets.xcassets in Resources */,
				B044874C1CA225C500A69650 /* Main.storyboard in Resources */,
			);
			runOnlyForDeploymentPostprocessing = 0;
		};
		B04487551CA225C500A69650 /* Resources */ = {
			isa = PBXResourcesBuildPhase;
			buildActionMask = 2147483647;
			files = (
			);
			runOnlyForDeploymentPostprocessing = 0;
		};
		B04487601CA225C500A69650 /* Resources */ = {
			isa = PBXResourcesBuildPhase;
			buildActionMask = 2147483647;
			files = (
			);
			runOnlyForDeploymentPostprocessing = 0;
		};
/* End PBXResourcesBuildPhase section */

/* Begin PBXShellScriptBuildPhase section */
		91EBA847E3E4C2854B7BC640 /* Embed Pods Frameworks */ = {
			isa = PBXShellScriptBuildPhase;
			buildActionMask = 2147483647;
			files = (
			);
			inputPaths = (
			);
			name = "Embed Pods Frameworks";
			outputPaths = (
			);
			runOnlyForDeploymentPostprocessing = 0;
			shellPath = /bin/sh;
			shellScript = "\"${SRCROOT}/Pods/Target Support Files/Pods/Pods-frameworks.sh\"\n";
			showEnvVarsInLog = 0;
		};
		B151A226D51531040AC615BB /* Copy Pods Resources */ = {
			isa = PBXShellScriptBuildPhase;
			buildActionMask = 2147483647;
			files = (
			);
			inputPaths = (
			);
			name = "Copy Pods Resources";
			outputPaths = (
			);
			runOnlyForDeploymentPostprocessing = 0;
			shellPath = /bin/sh;
			shellScript = "\"${SRCROOT}/Pods/Target Support Files/Pods/Pods-resources.sh\"\n";
			showEnvVarsInLog = 0;
		};
		EF2D6A62DB64F4C007571F53 /* Check Pods Manifest.lock */ = {
			isa = PBXShellScriptBuildPhase;
			buildActionMask = 2147483647;
			files = (
			);
			inputPaths = (
			);
			name = "Check Pods Manifest.lock";
			outputPaths = (
			);
			runOnlyForDeploymentPostprocessing = 0;
			shellPath = /bin/sh;
			shellScript = "diff \"${PODS_ROOT}/../Podfile.lock\" \"${PODS_ROOT}/Manifest.lock\" > /dev/null\nif [[ $? != 0 ]] ; then\n    cat << EOM\nerror: The sandbox is not in sync with the Podfile.lock. Run 'pod install' or update your CocoaPods installation.\nEOM\n    exit 1\nfi\n";
			showEnvVarsInLog = 0;
		};
/* End PBXShellScriptBuildPhase section */

/* Begin PBXSourcesBuildPhase section */
		B044873A1CA225C400A69650 /* Sources */ = {
			isa = PBXSourcesBuildPhase;
			buildActionMask = 2147483647;
			files = (
				B04487491CA225C500A69650 /* ViewController.m in Sources */,
				B0D0F95C1CA2372B00E36A52 /* TFUrlSafeBase64.m in Sources */,
				B0D0F95F1CA2390B00E36A52 /* TFUploadAssistant.m in Sources */,
				B04487461CA225C400A69650 /* AppDelegate.m in Sources */,
				B0D0F9591CA2372100E36A52 /* GTM_Base64.m in Sources */,
				B04487431CA225C400A69650 /* main.m in Sources */,
				B07BC8D21CA27FD500589743 /* TFAliUploadOperation.m in Sources */,
				B0D0F9681CA2657900E36A52 /* TFPHAssetFile.m in Sources */,
				B0D0F9621CA241E500E36A52 /* TFConfiguration.m in Sources */,
				B07BC8CF1CA27F8700589743 /* NSData+TFMD5.m in Sources */,
				B0D0F9651CA245E800E36A52 /* TFAsyncRun.m in Sources */,
				B07BC8D51CA27FEA00589743 /* TFAliUploadHandler.m in Sources */,
				B07BC8C41CA2718A00589743 /* TFFile.m in Sources */,
				B0D0F9521CA2362700E36A52 /* TFFileRecorder.m in Sources */,
				B0D0F96C1CA26BD000E36A52 /* TFResponseInfo.m in Sources */,
			);
			runOnlyForDeploymentPostprocessing = 0;
		};
		B04487531CA225C500A69650 /* Sources */ = {
			isa = PBXSourcesBuildPhase;
			buildActionMask = 2147483647;
			files = (
				B044875C1CA225C500A69650 /* TFUploadAssistantTests.m in Sources */,
			);
			runOnlyForDeploymentPostprocessing = 0;
		};
		B044875E1CA225C500A69650 /* Sources */ = {
			isa = PBXSourcesBuildPhase;
			buildActionMask = 2147483647;
			files = (
				B04487671CA225C500A69650 /* TFUploadAssistantUITests.m in Sources */,
			);
			runOnlyForDeploymentPostprocessing = 0;
		};
/* End PBXSourcesBuildPhase section */

/* Begin PBXTargetDependency section */
		B04487591CA225C500A69650 /* PBXTargetDependency */ = {
			isa = PBXTargetDependency;
			target = B044873D1CA225C400A69650 /* TFUploadAssistant */;
			targetProxy = B04487581CA225C500A69650 /* PBXContainerItemProxy */;
		};
		B04487641CA225C500A69650 /* PBXTargetDependency */ = {
			isa = PBXTargetDependency;
			target = B044873D1CA225C400A69650 /* TFUploadAssistant */;
			targetProxy = B04487631CA225C500A69650 /* PBXContainerItemProxy */;
		};
/* End PBXTargetDependency section */

/* Begin PBXVariantGroup section */
		B044874A1CA225C500A69650 /* Main.storyboard */ = {
			isa = PBXVariantGroup;
			children = (
				B044874B1CA225C500A69650 /* Base */,
			);
			name = Main.storyboard;
			sourceTree = "<group>";
		};
		B044874F1CA225C500A69650 /* LaunchScreen.storyboard */ = {
			isa = PBXVariantGroup;
			children = (
				B04487501CA225C500A69650 /* Base */,
			);
			name = LaunchScreen.storyboard;
			sourceTree = "<group>";
		};
/* End PBXVariantGroup section */

/* Begin XCBuildConfiguration section */
		B04487691CA225C500A69650 /* Debug */ = {
			isa = XCBuildConfiguration;
			buildSettings = {
				ALWAYS_SEARCH_USER_PATHS = NO;
				CLANG_ANALYZER_NONNULL = YES;
				CLANG_CXX_LANGUAGE_STANDARD = "gnu++0x";
				CLANG_CXX_LIBRARY = "libc++";
				CLANG_ENABLE_MODULES = YES;
				CLANG_ENABLE_OBJC_ARC = YES;
				CLANG_WARN_BOOL_CONVERSION = YES;
				CLANG_WARN_CONSTANT_CONVERSION = YES;
				CLANG_WARN_DIRECT_OBJC_ISA_USAGE = YES_ERROR;
				CLANG_WARN_EMPTY_BODY = YES;
				CLANG_WARN_ENUM_CONVERSION = YES;
				CLANG_WARN_INT_CONVERSION = YES;
				CLANG_WARN_OBJC_ROOT_CLASS = YES_ERROR;
				CLANG_WARN_UNREACHABLE_CODE = YES;
				CLANG_WARN__DUPLICATE_METHOD_MATCH = YES;
				"CODE_SIGN_IDENTITY[sdk=iphoneos*]" = "iPhone Developer";
				COPY_PHASE_STRIP = NO;
				DEBUG_INFORMATION_FORMAT = dwarf;
				ENABLE_STRICT_OBJC_MSGSEND = YES;
				ENABLE_TESTABILITY = YES;
				GCC_C_LANGUAGE_STANDARD = gnu99;
				GCC_DYNAMIC_NO_PIC = NO;
				GCC_NO_COMMON_BLOCKS = YES;
				GCC_OPTIMIZATION_LEVEL = 0;
				GCC_PREPROCESSOR_DEFINITIONS = (
					"DEBUG=1",
					"$(inherited)",
				);
				GCC_WARN_64_TO_32_BIT_CONVERSION = YES;
				GCC_WARN_ABOUT_RETURN_TYPE = YES_ERROR;
				GCC_WARN_UNDECLARED_SELECTOR = YES;
				GCC_WARN_UNINITIALIZED_AUTOS = YES_AGGRESSIVE;
				GCC_WARN_UNUSED_FUNCTION = YES;
				GCC_WARN_UNUSED_VARIABLE = YES;
				IPHONEOS_DEPLOYMENT_TARGET = 9.3;
				MTL_ENABLE_DEBUG_INFO = YES;
				ONLY_ACTIVE_ARCH = YES;
				SDKROOT = iphoneos;
			};
			name = Debug;
		};
		B044876A1CA225C500A69650 /* Release */ = {
			isa = XCBuildConfiguration;
			buildSettings = {
				ALWAYS_SEARCH_USER_PATHS = NO;
				CLANG_ANALYZER_NONNULL = YES;
				CLANG_CXX_LANGUAGE_STANDARD = "gnu++0x";
				CLANG_CXX_LIBRARY = "libc++";
				CLANG_ENABLE_MODULES = YES;
				CLANG_ENABLE_OBJC_ARC = YES;
				CLANG_WARN_BOOL_CONVERSION = YES;
				CLANG_WARN_CONSTANT_CONVERSION = YES;
				CLANG_WARN_DIRECT_OBJC_ISA_USAGE = YES_ERROR;
				CLANG_WARN_EMPTY_BODY = YES;
				CLANG_WARN_ENUM_CONVERSION = YES;
				CLANG_WARN_INT_CONVERSION = YES;
				CLANG_WARN_OBJC_ROOT_CLASS = YES_ERROR;
				CLANG_WARN_UNREACHABLE_CODE = YES;
				CLANG_WARN__DUPLICATE_METHOD_MATCH = YES;
				"CODE_SIGN_IDENTITY[sdk=iphoneos*]" = "iPhone Developer";
				COPY_PHASE_STRIP = NO;
				DEBUG_INFORMATION_FORMAT = "dwarf-with-dsym";
				ENABLE_NS_ASSERTIONS = NO;
				ENABLE_STRICT_OBJC_MSGSEND = YES;
				GCC_C_LANGUAGE_STANDARD = gnu99;
				GCC_NO_COMMON_BLOCKS = YES;
				GCC_WARN_64_TO_32_BIT_CONVERSION = YES;
				GCC_WARN_ABOUT_RETURN_TYPE = YES_ERROR;
				GCC_WARN_UNDECLARED_SELECTOR = YES;
				GCC_WARN_UNINITIALIZED_AUTOS = YES_AGGRESSIVE;
				GCC_WARN_UNUSED_FUNCTION = YES;
				GCC_WARN_UNUSED_VARIABLE = YES;
				IPHONEOS_DEPLOYMENT_TARGET = 9.3;
				MTL_ENABLE_DEBUG_INFO = NO;
				SDKROOT = iphoneos;
				VALIDATE_PRODUCT = YES;
			};
			name = Release;
		};
		B044876C1CA225C500A69650 /* Debug */ = {
			isa = XCBuildConfiguration;
			baseConfigurationReference = 3F603378C43A5FC3E421DB95 /* Pods.debug.xcconfig */;
			buildSettings = {
				ASSETCATALOG_COMPILER_APPICON_NAME = AppIcon;
				INFOPLIST_FILE = TFUploadAssistant/Info.plist;
				LD_RUNPATH_SEARCH_PATHS = "$(inherited) @executable_path/Frameworks";
				PRODUCT_BUNDLE_IDENTIFIER = cn.timeface.base.TFUploadAssistant;
				PRODUCT_NAME = "$(TARGET_NAME)";
			};
			name = Debug;
		};
		B044876D1CA225C500A69650 /* Release */ = {
			isa = XCBuildConfiguration;
			baseConfigurationReference = 4D9A8144483DAE73B6B898F5 /* Pods.release.xcconfig */;
			buildSettings = {
				ASSETCATALOG_COMPILER_APPICON_NAME = AppIcon;
				INFOPLIST_FILE = TFUploadAssistant/Info.plist;
				LD_RUNPATH_SEARCH_PATHS = "$(inherited) @executable_path/Frameworks";
				PRODUCT_BUNDLE_IDENTIFIER = cn.timeface.base.TFUploadAssistant;
				PRODUCT_NAME = "$(TARGET_NAME)";
			};
			name = Release;
		};
		B044876F1CA225C500A69650 /* Debug */ = {
			isa = XCBuildConfiguration;
			buildSettings = {
				BUNDLE_LOADER = "$(TEST_HOST)";
				INFOPLIST_FILE = TFUploadAssistantTests/Info.plist;
				LD_RUNPATH_SEARCH_PATHS = "$(inherited) @executable_path/Frameworks @loader_path/Frameworks";
				PRODUCT_BUNDLE_IDENTIFIER = cn.timeface.base.TFUploadAssistantTests;
				PRODUCT_NAME = "$(TARGET_NAME)";
				TEST_HOST = "$(BUILT_PRODUCTS_DIR)/TFUploadAssistant.app/TFUploadAssistant";
			};
			name = Debug;
		};
		B04487701CA225C500A69650 /* Release */ = {
			isa = XCBuildConfiguration;
			buildSettings = {
				BUNDLE_LOADER = "$(TEST_HOST)";
				INFOPLIST_FILE = TFUploadAssistantTests/Info.plist;
				LD_RUNPATH_SEARCH_PATHS = "$(inherited) @executable_path/Frameworks @loader_path/Frameworks";
				PRODUCT_BUNDLE_IDENTIFIER = cn.timeface.base.TFUploadAssistantTests;
				PRODUCT_NAME = "$(TARGET_NAME)";
				TEST_HOST = "$(BUILT_PRODUCTS_DIR)/TFUploadAssistant.app/TFUploadAssistant";
			};
			name = Release;
		};
		B04487721CA225C500A69650 /* Debug */ = {
			isa = XCBuildConfiguration;
			buildSettings = {
				INFOPLIST_FILE = TFUploadAssistantUITests/Info.plist;
				LD_RUNPATH_SEARCH_PATHS = "$(inherited) @executable_path/Frameworks @loader_path/Frameworks";
				PRODUCT_BUNDLE_IDENTIFIER = cn.timeface.base.TFUploadAssistantUITests;
				PRODUCT_NAME = "$(TARGET_NAME)";
				TEST_TARGET_NAME = TFUploadAssistant;
			};
			name = Debug;
		};
		B04487731CA225C500A69650 /* Release */ = {
			isa = XCBuildConfiguration;
			buildSettings = {
				INFOPLIST_FILE = TFUploadAssistantUITests/Info.plist;
				LD_RUNPATH_SEARCH_PATHS = "$(inherited) @executable_path/Frameworks @loader_path/Frameworks";
				PRODUCT_BUNDLE_IDENTIFIER = cn.timeface.base.TFUploadAssistantUITests;
				PRODUCT_NAME = "$(TARGET_NAME)";
				TEST_TARGET_NAME = TFUploadAssistant;
			};
			name = Release;
		};
/* End XCBuildConfiguration section */

/* Begin XCConfigurationList section */
		B04487391CA225C400A69650 /* Build configuration list for PBXProject "TFUploadAssistant" */ = {
			isa = XCConfigurationList;
			buildConfigurations = (
				B04487691CA225C500A69650 /* Debug */,
				B044876A1CA225C500A69650 /* Release */,
			);
			defaultConfigurationIsVisible = 0;
			defaultConfigurationName = Release;
		};
		B044876B1CA225C500A69650 /* Build configuration list for PBXNativeTarget "TFUploadAssistant" */ = {
			isa = XCConfigurationList;
			buildConfigurations = (
				B044876C1CA225C500A69650 /* Debug */,
				B044876D1CA225C500A69650 /* Release */,
			);
			defaultConfigurationIsVisible = 0;
			defaultConfigurationName = Release;
		};
		B044876E1CA225C500A69650 /* Build configuration list for PBXNativeTarget "TFUploadAssistantTests" */ = {
			isa = XCConfigurationList;
			buildConfigurations = (
				B044876F1CA225C500A69650 /* Debug */,
				B04487701CA225C500A69650 /* Release */,
			);
			defaultConfigurationIsVisible = 0;
			defaultConfigurationName = Release;
		};
		B04487711CA225C500A69650 /* Build configuration list for PBXNativeTarget "TFUploadAssistantUITests" */ = {
			isa = XCConfigurationList;
			buildConfigurations = (
				B04487721CA225C500A69650 /* Debug */,
				B04487731CA225C500A69650 /* Release */,
			);
			defaultConfigurationIsVisible = 0;
			defaultConfigurationName = Release;
		};
/* End XCConfigurationList section */
	};
	rootObject = B04487361CA225C400A69650 /* Project object */;
}
